// !$*UTF8*$!
{
	archiveVersion = 1;
	classes = {
	};
	objectVersion = 46;
	objects = {

/* Begin PBXBuildFile section */
		F1B5070C1B114A0300EE86CE /* AddViewController.swift in Sources */ = {isa = PBXBuildFile; fileRef = F1B5070A1B114A0300EE86CE /* AddViewController.swift */; };
		F1B5070D1B114A0300EE86CE /* DetailViewController.swift in Sources */ = {isa = PBXBuildFile; fileRef = F1B5070B1B114A0300EE86CE /* DetailViewController.swift */; };
		F1B96D691B11492D0066E7FF /* AppDelegate.swift in Sources */ = {isa = PBXBuildFile; fileRef = F1B96D681B11492D0066E7FF /* AppDelegate.swift */; };
		F1B96D6B1B11492D0066E7FF /* ViewController.swift in Sources */ = {isa = PBXBuildFile; fileRef = F1B96D6A1B11492D0066E7FF /* ViewController.swift */; };
		F1B96D6E1B11492D0066E7FF /* Main.storyboard in Resources */ = {isa = PBXBuildFile; fileRef = F1B96D6C1B11492D0066E7FF /* Main.storyboard */; };
		F1B96D701B11492D0066E7FF /* Images.xcassets in Resources */ = {isa = PBXBuildFile; fileRef = F1B96D6F1B11492D0066E7FF /* Images.xcassets */; };
		F1B96D731B11492D0066E7FF /* LaunchScreen.xib in Resources */ = {isa = PBXBuildFile; fileRef = F1B96D711B11492D0066E7FF /* LaunchScreen.xib */; };
		F1B96D7F1B11492D0066E7FF /* Recipe1Tests.swift in Sources */ = {isa = PBXBuildFile; fileRef = F1B96D7E1B11492D0066E7FF /* Recipe1Tests.swift */; };
/* End PBXBuildFile section */

/* Begin PBXContainerItemProxy section */
		F1B96D791B11492D0066E7FF /* PBXContainerItemProxy */ = {
			isa = PBXContainerItemProxy;
			containerPortal = F1B96D5B1B11492D0066E7FF /* Project object */;
			proxyType = 1;
			remoteGlobalIDString = F1B96D621B11492D0066E7FF;
			remoteInfo = Recipe1;
		};
/* End PBXContainerItemProxy section */

/* Begin PBXFileReference section */
		F1B5070A1B114A0300EE86CE /* AddViewController.swift */ = {isa = PBXFileReference; fileEncoding = 4; lastKnownFileType = sourcecode.swift; path = AddViewController.swift; sourceTree = "<group>"; };
		F1B5070B1B114A0300EE86CE /* DetailViewController.swift */ = {isa = PBXFileReference; fileEncoding = 4; lastKnownFileType = sourcecode.swift; path = DetailViewController.swift; sourceTree = "<group>"; };
		F1B96D631B11492D0066E7FF /* Recipe1.app */ = {isa = PBXFileReference; explicitFileType = wrapper.application; includeInIndex = 0; path = Recipe1.app; sourceTree = BUILT_PRODUCTS_DIR; };
		F1B96D671B11492D0066E7FF /* Info.plist */ = {isa = PBXFileReference; lastKnownFileType = text.plist.xml; path = Info.plist; sourceTree = "<group>"; };
		F1B96D681B11492D0066E7FF /* AppDelegate.swift */ = {isa = PBXFileReference; lastKnownFileType = sourcecode.swift; path = AppDelegate.swift; sourceTree = "<group>"; };
		F1B96D6A1B11492D0066E7FF /* ViewController.swift */ = {isa = PBXFileReference; lastKnownFileType = sourcecode.swift; path = ViewController.swift; sourceTree = "<group>"; };
		F1B96D6D1B11492D0066E7FF /* Base */ = {isa = PBXFileReference; lastKnownFileType = file.storyboard; name = Base; path = Base.lproj/Main.storyboard; sourceTree = "<group>"; };
		F1B96D6F1B11492D0066E7FF /* Images.xcassets */ = {isa = PBXFileReference; lastKnownFileType = folder.assetcatalog; path = Images.xcassets; sourceTree = "<group>"; };
		F1B96D721B11492D0066E7FF /* Base */ = {isa = PBXFileReference; lastKnownFileType = file.xib; name = Base; path = Base.lproj/LaunchScreen.xib; sourceTree = "<group>"; };
		F1B96D781B11492D0066E7FF /* Recipe1Tests.xctest */ = {isa = PBXFileReference; explicitFileType = wrapper.cfbundle; includeInIndex = 0; path = Recipe1Tests.xctest; sourceTree = BUILT_PRODUCTS_DIR; };
		F1B96D7D1B11492D0066E7FF /* Info.plist */ = {isa = PBXFileReference; lastKnownFileType = text.plist.xml; path = Info.plist; sourceTree = "<group>"; };
		F1B96D7E1B11492D0066E7FF /* Recipe1Tests.swift */ = {isa = PBXFileReference; lastKnownFileType = sourcecode.swift; path = Recipe1Tests.swift; sourceTree = "<group>"; };
/* End PBXFileReference section */

/* Begin PBXFrameworksBuildPhase section */
		F1B96D601B11492D0066E7FF /* Frameworks */ = {
			isa = PBXFrameworksBuildPhase;
			buildActionMask = 2147483647;
			files = (
			);
			runOnlyForDeploymentPostprocessing = 0;
		};
		F1B96D751B11492D0066E7FF /* Frameworks */ = {
			isa = PBXFrameworksBuildPhase;
			buildActionMask = 2147483647;
			files = (
			);
			runOnlyForDeploymentPostprocessing = 0;
		};
/* End PBXFrameworksBuildPhase section */

/* Begin PBXGroup section */
		F1B96D5A1B11492D0066E7FF = {
			isa = PBXGroup;
			children = (
				F1B96D651B11492D0066E7FF /* Recipe1 */,
				F1B96D7B1B11492D0066E7FF /* Recipe1Tests */,
				F1B96D641B11492D0066E7FF /* Products */,
			);
			sourceTree = "<group>";
		};
		F1B96D641B11492D0066E7FF /* Products */ = {
			isa = PBXGroup;
			children = (
				F1B96D631B11492D0066E7FF /* Recipe1.app */,
				F1B96D781B11492D0066E7FF /* Recipe1Tests.xctest */,
			);
			name = Products;
			sourceTree = "<group>";
		};
		F1B96D651B11492D0066E7FF /* Recipe1 */ = {
			isa = PBXGroup;
			children = (
				F1B5070A1B114A0300EE86CE /* AddViewController.swift */,
				F1B5070B1B114A0300EE86CE /* DetailViewController.swift */,
				F1B96D681B11492D0066E7FF /* AppDelegate.swift */,
				F1B96D6A1B11492D0066E7FF /* ViewController.swift */,
				F1B96D6C1B11492D0066E7FF /* Main.storyboard */,
				F1B96D6F1B11492D0066E7FF /* Images.xcassets */,
				F1B96D711B11492D0066E7FF /* LaunchScreen.xib */,
				F1B96D661B11492D0066E7FF /* Supporting Files */,
			);
			path = Recipe1;
			sourceTree = "<group>";
		};
		F1B96D661B11492D0066E7FF /* Supporting Files */ = {
			isa = PBXGroup;
			children = (
				F1B96D671B11492D0066E7FF /* Info.plist */,
			);
			name = "Supporting Files";
			sourceTree = "<group>";
		};
		F1B96D7B1B11492D0066E7FF /* Recipe1Tests */ = {
			isa = PBXGroup;
			children = (
				F1B96D7E1B11492D0066E7FF /* Recipe1Tests.swift */,
				F1B96D7C1B11492D0066E7FF /* Supporting Files */,
			);
			path = Recipe1Tests;
			sourceTree = "<group>";
		};
		F1B96D7C1B11492D0066E7FF /* Supporting Files */ = {
			isa = PBXGroup;
			children = (
				F1B96D7D1B11492D0066E7FF /* Info.plist */,
			);
			name = "Supporting Files";
			sourceTree = "<group>";
		};
/* End PBXGroup section */

/* Begin PBXNativeTarget section */
		F1B96D621B11492D0066E7FF /* Recipe1 */ = {
			isa = PBXNativeTarget;
			buildConfigurationList = F1B96D821B11492D0066E7FF /* Build configuration list for PBXNativeTarget "Recipe1" */;
			buildPhases = (
				F1B96D5F1B11492D0066E7FF /* Sources */,
				F1B96D601B11492D0066E7FF /* Frameworks */,
				F1B96D611B11492D0066E7FF /* Resources */,
			);
			buildRules = (
			);
			dependencies = (
			);
			name = Recipe1;
			productName = Recipe1;
			productReference = F1B96D631B11492D0066E7FF /* Recipe1.app */;
			productType = "com.apple.product-type.application";
		};
		F1B96D771B11492D0066E7FF /* Recipe1Tests */ = {
			isa = PBXNativeTarget;
			buildConfigurationList = F1B96D851B11492D0066E7FF /* Build configuration list for PBXNativeTarget "Recipe1Tests" */;
			buildPhases = (
				F1B96D741B11492D0066E7FF /* Sources */,
				F1B96D751B11492D0066E7FF /* Frameworks */,
				F1B96D761B11492D0066E7FF /* Resources */,
			);
			buildRules = (
			);
			dependencies = (
				F1B96D7A1B11492D0066E7FF /* PBXTargetDependency */,
			);
			name = Recipe1Tests;
			productName = Recipe1Tests;
			productReference = F1B96D781B11492D0066E7FF /* Recipe1Tests.xctest */;
			productType = "com.apple.product-type.bundle.unit-test";
		};
/* End PBXNativeTarget section */

/* Begin PBXProject section */
		F1B96D5B1B11492D0066E7FF /* Project object */ = {
			isa = PBXProject;
			attributes = {
				LastUpgradeCheck = 0630;
				ORGANIZATIONNAME = "John Wilkey";
				TargetAttributes = {
					F1B96D621B11492D0066E7FF = {
						CreatedOnToolsVersion = 6.3.1;
					};
					F1B96D771B11492D0066E7FF = {
						CreatedOnToolsVersion = 6.3.1;
						TestTargetID = F1B96D621B11492D0066E7FF;
					};
				};
			};
			buildConfigurationList = F1B96D5E1B11492D0066E7FF /* Build configuration list for PBXProject "Recipe1" */;
			compatibilityVersion = "Xcode 3.2";
			developmentRegion = English;
			hasScannedForEncodings = 0;
			knownRegions = (
				en,
				Base,
			);
			mainGroup = F1B96D5A1B11492D0066E7FF;
			productRefGroup = F1B96D641B11492D0066E7FF /* Products */;
			projectDirPath = "";
			projectRoot = "";
			targets = (
				F1B96D621B11492D0066E7FF /* Recipe1 */,
				F1B96D771B11492D0066E7FF /* Recipe1Tests */,
			);
		};
/* End PBXProject section */

/* Begin PBXResourcesBuildPhase section */
		F1B96D611B11492D0066E7FF /* Resources */ = {
			isa = PBXResourcesBuildPhase;
			buildActionMask = 2147483647;
			files = (
				F1B96D6E1B11492D0066E7FF /* Main.storyboard in Resources */,
				F1B96D731B11492D0066E7FF /* LaunchScreen.xib in Resources */,
				F1B96D701B11492D0066E7FF /* Images.xcassets in Resources */,
			);
			runOnlyForDeploymentPostprocessing = 0;
		};
		F1B96D761B11492D0066E7FF /* Resources */ = {
			isa = PBXResourcesBuildPhase;
			buildActionMask = 2147483647;
			files = (
			);
			runOnlyForDeploymentPostprocessing = 0;
		};
/* End PBXResourcesBuildPhase section */

/* Begin PBXSourcesBuildPhase section */
		F1B96D5F1B11492D0066E7FF /* Sources */ = {
			isa = PBXSourcesBuildPhase;
			buildActionMask = 2147483647;
			files = (
				F1B96D6B1B11492D0066E7FF /* ViewController.swift in Sources */,
				F1B96D691B11492D0066E7FF /* AppDelegate.swift in Sources */,
				F1B5070C1B114A0300EE86CE /* AddViewController.swift in Sources */,
				F1B5070D1B114A0300EE86CE /* DetailViewController.swift in Sources */,
			);
			runOnlyForDeploymentPostprocessing = 0;
		};
		F1B96D741B11492D0066E7FF /* Sources */ = {
			isa = PBXSourcesBuildPhase;
			buildActionMask = 2147483647;
			files = (
				F1B96D7F1B11492D0066E7FF /* Recipe1Tests.swift in Sources */,
			);
			runOnlyForDeploymentPostprocessing = 0;
		};
/* End PBXSourcesBuildPhase section */

/* Begin PBXTargetDependency section */
		F1B96D7A1B11492D0066E7FF /* PBXTargetDependency */ = {
			isa = PBXTargetDependency;
			target = F1B96D621B11492D0066E7FF /* Recipe1 */;
			targetProxy = F1B96D791B11492D0066E7FF /* PBXContainerItemProxy */;
		};
/* End PBXTargetDependency section */

/* Begin PBXVariantGroup section */
		F1B96D6C1B11492D0066E7FF /* Main.storyboard */ = {
			isa = PBXVariantGroup;
			children = (
				F1B96D6D1B11492D0066E7FF /* Base */,
			);
			name = Main.storyboard;
			sourceTree = "<group>";
		};
		F1B96D711B11492D0066E7FF /* LaunchScreen.xib */ = {
			isa = PBXVariantGroup;
			children = (
				F1B96D721B11492D0066E7FF /* Base */,
			);
			name = LaunchScreen.xib;
			sourceTree = "<group>";
		};
/* End PBXVariantGroup section */

/* Begin XCBuildConfiguration section */
		F1B96D801B11492D0066E7FF /* Debug */ = {
			isa = XCBuildConfiguration;
			buildSettings = {
				ALWAYS_SEARCH_USER_PATHS = NO;
				CLANG_CXX_LANGUAGE_STANDARD = "gnu++0x";
				CLANG_CXX_LIBRARY = "libc++";
				CLANG_ENABLE_MODULES = YES;
				CLANG_ENABLE_OBJC_ARC = YES;
				CLANG_WARN_BOOL_CONVERSION = YES;
				CLANG_WARN_CONSTANT_CONVERSION = YES;
				CLANG_WARN_DIRECT_OBJC_ISA_USAGE = YES_ERROR;
				CLANG_WARN_EMPTY_BODY = YES;
				CLANG_WARN_ENUM_CONVERSION = YES;
				CLANG_WARN_INT_CONVERSION = YES;
				CLANG_WARN_OBJC_ROOT_CLASS = YES_ERROR;
				CLANG_WARN_UNREACHABLE_CODE = YES;
				CLANG_WARN__DUPLICATE_METHOD_MATCH = YES;
				"CODE_SIGN_IDENTITY[sdk=iphoneos*]" = "iPhone Developer";
				COPY_PHASE_STRIP = NO;
				DEBUG_INFORMATION_FORMAT = "dwarf-with-dsym";
				ENABLE_STRICT_OBJC_MSGSEND = YES;
				GCC_C_LANGUAGE_STANDARD = gnu99;
				GCC_DYNAMIC_NO_PIC = NO;
				GCC_NO_COMMON_BLOCKS = YES;
				GCC_OPTIMIZATION_LEVEL = 0;
				GCC_PREPROCESSOR_DEFINITIONS = (
					"DEBUG=1",
					"$(inherited)",
				);
				GCC_SYMBOLS_PRIVATE_EXTERN = NO;
				GCC_WARN_64_TO_32_BIT_CONVERSION = YES;
				GCC_WARN_ABOUT_RETURN_TYPE = YES_ERROR;
				GCC_WARN_UNDECLARED_SELECTOR = YES;
				GCC_WARN_UNINITIALIZED_AUTOS = YES_AGGRESSIVE;
				GCC_WARN_UNUSED_FUNCTION = YES;
				GCC_WARN_UNUSED_VARIABLE = YES;
				IPHONEOS_DEPLOYMENT_TARGET = 8.3;
				MTL_ENABLE_DEBUG_INFO = YES;
				ONLY_ACTIVE_ARCH = YES;
				SDKROOT = iphoneos;
				SWIFT_OPTIMIZATION_LEVEL = "-Onone";
			};
			name = Debug;
		};
		F1B96D811B11492D0066E7FF /* Release */ = {
			isa = XCBuildConfiguration;
			buildSettings = {
				ALWAYS_SEARCH_USER_PATHS = NO;
				CLANG_CXX_LANGUAGE_STANDARD = "gnu++0x";
				CLANG_CXX_LIBRARY = "libc++";
				CLANG_ENABLE_MODULES = YES;
				CLANG_ENABLE_OBJC_ARC = YES;
				CLANG_WARN_BOOL_CONVERSION = YES;
				CLANG_WARN_CONSTANT_CONVERSION = YES;
				CLANG_WARN_DIRECT_OBJC_ISA_USAGE = YES_ERROR;
				CLANG_WARN_EMPTY_BODY = YES;
				CLANG_WARN_ENUM_CONVERSION = YES;
				CLANG_WARN_INT_CONVERSION = YES;
				CLANG_WARN_OBJC_ROOT_CLASS = YES_ERROR;
				CLANG_WARN_UNREACHABLE_CODE = YES;
				CLANG_WARN__DUPLICATE_METHOD_MATCH = YES;
				"CODE_SIGN_IDENTITY[sdk=iphoneos*]" = "iPhone Developer";
				COPY_PHASE_STRIP = NO;
				DEBUG_INFORMATION_FORMAT = "dwarf-with-dsym";
				ENABLE_NS_ASSERTIONS = NO;
				ENABLE_STRICT_OBJC_MSGSEND = YES;
				GCC_C_LANGUAGE_STANDARD = gnu99;
				GCC_NO_COMMON_BLOCKS = YES;
				GCC_WARN_64_TO_32_BIT_CONVERSION = YES;
				GCC_WARN_ABOUT_RETURN_TYPE = YES_ERROR;
				GCC_WARN_UNDECLARED_SELECTOR = YES;
				GCC_WARN_UNINITIALIZED_AUTOS = YES_AGGRESSIVE;
				GCC_WARN_UNUSED_FUNCTION = YES;
				GCC_WARN_UNUSED_VARIABLE = YES;
				IPHONEOS_DEPLOYMENT_TARGET = 8.3;
				MTL_ENABLE_DEBUG_INFO = NO;
				SDKROOT = iphoneos;
				VALIDATE_PRODUCT = YES;
			};
			name = Release;
		};
		F1B96D831B11492D0066E7FF /* Debug */ = {
			isa = XCBuildConfiguration;
			buildSettings = {
				ASSETCATALOG_COMPILER_APPICON_NAME = AppIcon;
				INFOPLIST_FILE = Recipe1/Info.plist;
				LD_RUNPATH_SEARCH_PATHS = "$(inherited) @executable_path/Frameworks";
				PRODUCT_NAME = "$(TARGET_NAME)";
			};
			name = Debug;
		};
		F1B96D841B11492D0066E7FF /* Release */ = {
			isa = XCBuildConfiguration;
			buildSettings = {
				ASSETCATALOG_COMPILER_APPICON_NAME = AppIcon;
				INFOPLIST_FILE = Recipe1/Info.plist;
				LD_RUNPATH_SEARCH_PATHS = "$(inherited) @executable_path/Frameworks";
				PRODUCT_NAME = "$(TARGET_NAME)";
			};
			name = Release;
		};
		F1B96D861B11492D0066E7FF /* Debug */ = {
			isa = XCBuildConfiguration;
			buildSettings = {
				BUNDLE_LOADER = "$(TEST_HOST)";
				FRAMEWORK_SEARCH_PATHS = (
					"$(SDKROOT)/Developer/Library/Frameworks",
					"$(inherited)",
				);
				GCC_PREPROCESSOR_DEFINITIONS = (
					"DEBUG=1",
					"$(inherited)",
				);
				INFOPLIST_FILE = Recipe1Tests/Info.plist;
				LD_RUNPATH_SEARCH_PATHS = "$(inherited) @executable_path/Frameworks @loader_path/Frameworks";
				PRODUCT_NAME = "$(TARGET_NAME)";
				TEST_HOST = "$(BUILT_PRODUCTS_DIR)/Recipe1.app/Recipe1";
			};
			name = Debug;
		};
		F1B96D871B11492D0066E7FF /* Release */ = {
			isa = XCBuildConfiguration;
			buildSettings = {
				BUNDLE_LOADER = "$(TEST_HOST)";
				FRAMEWORK_SEARCH_PATHS = (
					"$(SDKROOT)/Developer/Library/Frameworks",
					"$(inherited)",
				);
				INFOPLIST_FILE = Recipe1Tests/Info.plist;
				LD_RUNPATH_SEARCH_PATHS = "$(inherited) @executable_path/Frameworks @loader_path/Frameworks";
				PRODUCT_NAME = "$(TARGET_NAME)";
				TEST_HOST = "$(BUILT_PRODUCTS_DIR)/Recipe1.app/Recipe1";
			};
			name = Release;
		};
/* End XCBuildConfiguration section */

/* Begin XCConfigurationList section */
		F1B96D5E1B11492D0066E7FF /* Build configuration list for PBXProject "Recipe1" */ = {
			isa = XCConfigurationList;
			buildConfigurations = (
				F1B96D801B11492D0066E7FF /* Debug */,
				F1B96D811B11492D0066E7FF /* Release */,
			);
			defaultConfigurationIsVisible = 0;
			defaultConfigurationName = Release;
		};
		F1B96D821B11492D0066E7FF /* Build configuration list for PBXNativeTarget "Recipe1" */ = {
			isa = XCConfigurationList;
			buildConfigurations = (
				F1B96D831B11492D0066E7FF /* Debug */,
				F1B96D841B11492D0066E7FF /* Release */,
			);
			defaultConfigurationIsVisible = 0;
			defaultConfigurationName = Release;
		};
		F1B96D851B11492D0066E7FF /* Build configuration list for PBXNativeTarget "Recipe1Tests" */ = {
			isa = XCConfigurationList;
			buildConfigurations = (
				F1B96D861B11492D0066E7FF /* Debug */,
				F1B96D871B11492D0066E7FF /* Release */,
			);
			defaultConfigurationIsVisible = 0;
			defaultConfigurationName = Release;
		};
/* End XCConfigurationList section */
	};
	rootObject = F1B96D5B1B11492D0066E7FF /* Project object */;
}
